
Microsoft Visual Studio Solution File, Format Version 12.00
# Visual Studio 15
VisualStudioVersion = 15.0.27513.1
MinimumVisualStudioVersion = 10.0.40219.1
Project("{9092AA53-FB77-4645-B42D-1CCCA6BD08BD}") = "ExpressApp4", "ExpressApp4.njsproj", "{E287B605-018F-4EDE-8130-62061E174811}"
EndProject
Global
	GlobalSection(SolutionConfigurationPlatforms) = preSolution
		Debug|Any CPU = Debug|Any CPU
		Release|Any CPU = Release|Any CPU
	EndGlobalSection
	GlobalSection(ProjectConfigurationPlatforms) = postSolution
		{E287B605-018F-4EDE-8130-62061E174811}.Debug|Any CPU.ActiveCfg = Debug|Any CPU
		{E287B605-018F-4EDE-8130-62061E174811}.Debug|Any CPU.Build.0 = Debug|Any CPU
		{E287B605-018F-4EDE-8130-62061E174811}.Release|Any CPU.ActiveCfg = Release|Any CPU
		{E287B605-018F-4EDE-8130-62061E174811}.Release|Any CPU.Build.0 = Release|Any CPU
	EndGlobalSection
	GlobalSection(SolutionProperties) = preSolution
		HideSolutionNode = FALSE
	EndGlobalSection
	GlobalSection(ExtensibilityGlobals) = postSolution
		SolutionGuid = {432FA6E0-DBED-41D6-B89D-E66727040A5D}
	EndGlobalSection
EndGlobal
